
Microsoft Visual Studio Solution File, Format Version 12.00
# Visual Studio Version 17
VisualStudioVersion = 17.0.31903.59
MinimumVisualStudioVersion = 10.0.40219.1
Project("{2150E333-8FDC-42A3-9474-1A3956D46DE8}") = "src", "src", "{827E0CD3-B72D-47B6-A68D-7590B98EB39B}"
EndProject
Project("{FAE04EC0-301F-11D3-BF4B-00C04F79EFBC}") = "AndroidPCController.Core", "src\AndroidPCController.Core\AndroidPCController.Core.csproj", "{C0AACDC5-3BB2-465B-840F-1C606BAA1001}"
EndProject
Project("{FAE04EC0-301F-11D3-BF4B-00C04F79EFBC}") = "AndroidPCController.Infrastructure", "src\AndroidPCController.Infrastructure\AndroidPCController.Infrastructure.csproj", "{38A11195-BA26-4125-925F-7A62D2FAEA1F}"
EndProject
Project("{FAE04EC0-301F-11D3-BF4B-00C04F79EFBC}") = "AndroidPCController.Adb", "src\AndroidPCController.Adb\AndroidPCController.Adb.csproj", "{8DFD380C-44B8-4118-8106-2A94AF813452}"
EndProject
Project("{FAE04EC0-301F-11D3-BF4B-00C04F79EFBC}") = "AndroidPCController.Devices", "src\AndroidPCController.Devices\AndroidPCController.Devices.csproj", "{5C839348-B218-4AFE-8CFB-D504CBF12A05}"
EndProject
Project("{FAE04EC0-301F-11D3-BF4B-00C04F79EFBC}") = "AndroidPCController.Streaming", "src\AndroidPCController.Streaming\AndroidPCController.Streaming.csproj", "{D9B2B37D-BA69-4461-9018-70C3797603BA}"
EndProject
Project("{FAE04EC0-301F-11D3-BF4B-00C04F79EFBC}") = "AndroidPCController.Input", "src\AndroidPCController.Input\AndroidPCController.Input.csproj", "{64227F4D-4CF5-49A7-BCEA-A5A62ED1DCBE}"
EndProject
Project("{FAE04EC0-301F-11D3-BF4B-00C04F79EFBC}") = "AndroidPCController.Files", "src\AndroidPCController.Files\AndroidPCController.Files.csproj", "{CDDFA65F-7F97-4559-A12B-095B4DC19C19}"
EndProject
Project("{FAE04EC0-301F-11D3-BF4B-00C04F79EFBC}") = "AndroidPCController.Security", "src\AndroidPCController.Security\AndroidPCController.Security.csproj", "{C58F2792-77BF-4673-BFA1-F99A310B5A1A}"
EndProject
Project("{FAE04EC0-301F-11D3-BF4B-00C04F79EFBC}") = "AndroidPCController.App", "src\AndroidPCController.App\AndroidPCController.App.csproj", "{D9ECB3C1-AE62-4ACD-B931-0A6E27075CC8}"
EndProject
Project("{FAE04EC0-301F-11D3-BF4B-00C04F79EFBC}") = "AndroidPCController.Tests", "src\AndroidPCController.Tests\AndroidPCController.Tests.csproj", "{1D7F0E18-CCA2-434E-84F3-4A086E356821}"
EndProject
Global
	GlobalSection(SolutionConfigurationPlatforms) = preSolution
		Debug|Any CPU = Debug|Any CPU
		Debug|x64 = Debug|x64
		Debug|x86 = Debug|x86
		Release|Any CPU = Release|Any CPU
		Release|x64 = Release|x64
		Release|x86 = Release|x86
	EndGlobalSection
	GlobalSection(ProjectConfigurationPlatforms) = postSolution
		{C0AACDC5-3BB2-465B-840F-1C606BAA1001}.Debug|Any CPU.ActiveCfg = Debug|Any CPU
		{C0AACDC5-3BB2-465B-840F-1C606BAA1001}.Debug|Any CPU.Build.0 = Debug|Any CPU
		{C0AACDC5-3BB2-465B-840F-1C606BAA1001}.Debug|x64.ActiveCfg = Debug|Any CPU
		{C0AACDC5-3BB2-465B-840F-1C606BAA1001}.Debug|x64.Build.0 = Debug|Any CPU
		{C0AACDC5-3BB2-465B-840F-1C606BAA1001}.Debug|x86.ActiveCfg = Debug|Any CPU
		{C0AACDC5-3BB2-465B-840F-1C606BAA1001}.Debug|x86.Build.0 = Debug|Any CPU
		{C0AACDC5-3BB2-465B-840F-1C606BAA1001}.Release|Any CPU.ActiveCfg = Release|Any CPU
		{C0AACDC5-3BB2-465B-840F-1C606BAA1001}.Release|Any CPU.Build.0 = Release|Any CPU
		{C0AACDC5-3BB2-465B-840F-1C606BAA1001}.Release|x64.ActiveCfg = Release|Any CPU
		{C0AACDC5-3BB2-465B-840F-1C606BAA1001}.Release|x64.Build.0 = Release|Any CPU
		{C0AACDC5-3BB2-465B-840F-1C606BAA1001}.Release|x86.ActiveCfg = Release|Any CPU
		{C0AACDC5-3BB2-465B-840F-1C606BAA1001}.Release|x86.Build.0 = Release|Any CPU
		{38A11195-BA26-4125-925F-7A62D2FAEA1F}.Debug|Any CPU.ActiveCfg = Debug|Any CPU
		{38A11195-BA26-4125-925F-7A62D2FAEA1F}.Debug|Any CPU.Build.0 = Debug|Any CPU
		{38A11195-BA26-4125-925F-7A62D2FAEA1F}.Debug|x64.ActiveCfg = Debug|Any CPU
		{38A11195-BA26-4125-925F-7A62D2FAEA1F}.Debug|x64.Build.0 = Debug|Any CPU
		{38A11195-BA26-4125-925F-7A62D2FAEA1F}.Debug|x86.ActiveCfg = Debug|Any CPU
		{38A11195-BA26-4125-925F-7A62D2FAEA1F}.Debug|x86.Build.0 = Debug|Any CPU
		{38A11195-BA26-4125-925F-7A62D2FAEA1F}.Release|Any CPU.ActiveCfg = Release|Any CPU
		{38A11195-BA26-4125-925F-7A62D2FAEA1F}.Release|Any CPU.Build.0 = Release|Any CPU
		{38A11195-BA26-4125-925F-7A62D2FAEA1F}.Release|x64.ActiveCfg = Release|Any CPU
		{38A11195-BA26-4125-925F-7A62D2FAEA1F}.Release|x64.Build.0 = Release|Any CPU
		{38A11195-BA26-4125-925F-7A62D2FAEA1F}.Release|x86.ActiveCfg = Release|Any CPU
		{38A11195-BA26-4125-925F-7A62D2FAEA1F}.Release|x86.Build.0 = Release|Any CPU
		{8DFD380C-44B8-4118-8106-2A94AF813452}.Debug|Any CPU.ActiveCfg = Debug|Any CPU
		{8DFD380C-44B8-4118-8106-2A94AF813452}.Debug|Any CPU.Build.0 = Debug|Any CPU
		{8DFD380C-44B8-4118-8106-2A94AF813452}.Debug|x64.ActiveCfg = Debug|Any CPU
		{8DFD380C-44B8-4118-8106-2A94AF813452}.Debug|x64.Build.0 = Debug|Any CPU
		{8DFD380C-44B8-4118-8106-2A94AF813452}.Debug|x86.ActiveCfg = Debug|Any CPU
		{8DFD380C-44B8-4118-8106-2A94AF813452}.Debug|x86.Build.0 = Debug|Any CPU
		{8DFD380C-44B8-4118-8106-2A94AF813452}.Release|Any CPU.ActiveCfg = Release|Any CPU
		{8DFD380C-44B8-4118-8106-2A94AF813452}.Release|Any CPU.Build.0 = Release|Any CPU
		{8DFD380C-44B8-4118-8106-2A94AF813452}.Release|x64.ActiveCfg = Release|Any CPU
		{8DFD380C-44B8-4118-8106-2A94AF813452}.Release|x64.Build.0 = Release|Any CPU
		{8DFD380C-44B8-4118-8106-2A94AF813452}.Release|x86.ActiveCfg = Release|Any CPU
		{8DFD380C-44B8-4118-8106-2A94AF813452}.Release|x86.Build.0 = Release|Any CPU
		{5C839348-B218-4AFE-8CFB-D504CBF12A05}.Debug|Any CPU.ActiveCfg = Debug|Any CPU
		{5C839348-B218-4AFE-8CFB-D504CBF12A05}.Debug|Any CPU.Build.0 = Debug|Any CPU
		{5C839348-B218-4AFE-8CFB-D504CBF12A05}.Debug|x64.ActiveCfg = Debug|Any CPU
		{5C839348-B218-4AFE-8CFB-D504CBF12A05}.Debug|x64.Build.0 = Debug|Any CPU
		{5C839348-B218-4AFE-8CFB-D504CBF12A05}.Debug|x86.ActiveCfg = Debug|Any CPU
		{5C839348-B218-4AFE-8CFB-D504CBF12A05}.Debug|x86.Build.0 = Debug|Any CPU
		{5C839348-B218-4AFE-8CFB-D504CBF12A05}.Release|Any CPU.ActiveCfg = Release|Any CPU
		{5C839348-B218-4AFE-8CFB-D504CBF12A05}.Release|Any CPU.Build.0 = Release|Any CPU
		{5C839348-B218-4AFE-8CFB-D504CBF12A05}.Release|x64.ActiveCfg = Release|Any CPU
		{5C839348-B218-4AFE-8CFB-D504CBF12A05}.Release|x64.Build.0 = Release|Any CPU
		{5C839348-B218-4AFE-8CFB-D504CBF12A05}.Release|x86.ActiveCfg = Release|Any CPU
		{5C839348-B218-4AFE-8CFB-D504CBF12A05}.Release|x86.Build.0 = Release|Any CPU
		{D9B2B37D-BA69-4461-9018-70C3797603BA}.Debug|Any CPU.ActiveCfg = Debug|Any CPU
		{D9B2B37D-BA69-4461-9018-70C3797603BA}.Debug|Any CPU.Build.0 = Debug|Any CPU
		{D9B2B37D-BA69-4461-9018-70C3797603BA}.Debug|x64.ActiveCfg = Debug|Any CPU
		{D9B2B37D-BA69-4461-9018-70C3797603BA}.Debug|x64.Build.0 = Debug|Any CPU
		{D9B2B37D-BA69-4461-9018-70C3797603BA}.Debug|x86.ActiveCfg = Debug|Any CPU
		{D9B2B37D-BA69-4461-9018-70C3797603BA}.Debug|x86.Build.0 = Debug|Any CPU
		{D9B2B37D-BA69-4461-9018-70C3797603BA}.Release|Any CPU.ActiveCfg = Release|Any CPU
		{D9B2B37D-BA69-4461-9018-70C3797603BA}.Release|Any CPU.Build.0 = Release|Any CPU
		{D9B2B37D-BA69-4461-9018-70C3797603BA}.Release|x64.ActiveCfg = Release|Any CPU
		{D9B2B37D-BA69-4461-9018-70C3797603BA}.Release|x64.Build.0 = Release|Any CPU
		{D9B2B37D-BA69-4461-9018-70C3797603BA}.Release|x86.ActiveCfg = Release|Any CPU
		{D9B2B37D-BA69-4461-9018-70C3797603BA}.Release|x86.Build.0 = Release|Any CPU
		{64227F4D-4CF5-49A7-BCEA-A5A62ED1DCBE}.Debug|Any CPU.ActiveCfg = Debug|Any CPU
		{64227F4D-4CF5-49A7-BCEA-A5A62ED1DCBE}.Debug|Any CPU.Build.0 = Debug|Any CPU
		{64227F4D-4CF5-49A7-BCEA-A5A62ED1DCBE}.Debug|x64.ActiveCfg = Debug|Any CPU
		{64227F4D-4CF5-49A7-BCEA-A5A62ED1DCBE}.Debug|x64.Build.0 = Debug|Any CPU
		{64227F4D-4CF5-49A7-BCEA-A5A62ED1DCBE}.Debug|x86.ActiveCfg = Debug|Any CPU
		{64227F4D-4CF5-49A7-BCEA-A5A62ED1DCBE}.Debug|x86.Build.0 = Debug|Any CPU
		{64227F4D-4CF5-49A7-BCEA-A5A62ED1DCBE}.Release|Any CPU.ActiveCfg = Release|Any CPU
		{64227F4D-4CF5-49A7-BCEA-A5A62ED1DCBE}.Release|Any CPU.Build.0 = Release|Any CPU
		{64227F4D-4CF5-49A7-BCEA-A5A62ED1DCBE}.Release|x64.ActiveCfg = Release|Any CPU
		{64227F4D-4CF5-49A7-BCEA-A5A62ED1DCBE}.Release|x64.Build.0 = Release|Any CPU
		{64227F4D-4CF5-49A7-BCEA-A5A62ED1DCBE}.Release|x86.ActiveCfg = Release|Any CPU
		{64227F4D-4CF5-49A7-BCEA-A5A62ED1DCBE}.Release|x86.Build.0 = Release|Any CPU
		{CDDFA65F-7F97-4559-A12B-095B4DC19C19}.Debug|Any CPU.ActiveCfg = Debug|Any CPU
		{CDDFA65F-7F97-4559-A12B-095B4DC19C19}.Debug|Any CPU.Build.0 = Debug|Any CPU
		{CDDFA65F-7F97-4559-A12B-095B4DC19C19}.Debug|x64.ActiveCfg = Debug|Any CPU
		{CDDFA65F-7F97-4559-A12B-095B4DC19C19}.Debug|x64.Build.0 = Debug|Any CPU
		{CDDFA65F-7F97-4559-A12B-095B4DC19C19}.Debug|x86.ActiveCfg = Debug|Any CPU
		{CDDFA65F-7F97-4559-A12B-095B4DC19C19}.Debug|x86.Build.0 = Debug|Any CPU
		{CDDFA65F-7F97-4559-A12B-095B4DC19C19}.Release|Any CPU.ActiveCfg = Release|Any CPU
		{CDDFA65F-7F97-4559-A12B-095B4DC19C19}.Release|Any CPU.Build.0 = Release|Any CPU
		{CDDFA65F-7F97-4559-A12B-095B4DC19C19}.Release|x64.ActiveCfg = Release|Any CPU
		{CDDFA65F-7F97-4559-A12B-095B4DC19C19}.Release|x64.Build.0 = Release|Any CPU
		{CDDFA65F-7F97-4559-A12B-095B4DC19C19}.Release|x86.ActiveCfg = Release|Any CPU
		{CDDFA65F-7F97-4559-A12B-095B4DC19C19}.Release|x86.Build.0 = Release|Any CPU
		{C58F2792-77BF-4673-BFA1-F99A310B5A1A}.Debug|Any CPU.ActiveCfg = Debug|Any CPU
		{C58F2792-77BF-4673-BFA1-F99A310B5A1A}.Debug|Any CPU.Build.0 = Debug|Any CPU
		{C58F2792-77BF-4673-BFA1-F99A310B5A1A}.Debug|x64.ActiveCfg = Debug|Any CPU
		{C58F2792-77BF-4673-BFA1-F99A310B5A1A}.Debug|x64.Build.0 = Debug|Any CPU
		{C58F2792-77BF-4673-BFA1-F99A310B5A1A}.Debug|x86.ActiveCfg = Debug|Any CPU
		{C58F2792-77BF-4673-BFA1-F99A310B5A1A}.Debug|x86.Build.0 = Debug|Any CPU
		{C58F2792-77BF-4673-BFA1-F99A310B5A1A}.Release|Any CPU.ActiveCfg = Release|Any CPU
		{C58F2792-77BF-4673-BFA1-F99A310B5A1A}.Release|Any CPU.Build.0 = Release|Any CPU
		{C58F2792-77BF-4673-BFA1-F99A310B5A1A}.Release|x64.ActiveCfg = Release|Any CPU
		{C58F2792-77BF-4673-BFA1-F99A310B5A1A}.Release|x64.Build.0 = Release|Any CPU
		{C58F2792-77BF-4673-BFA1-F99A310B5A1A}.Release|x86.ActiveCfg = Release|Any CPU
		{C58F2792-77BF-4673-BFA1-F99A310B5A1A}.Release|x86.Build.0 = Release|Any CPU
		{D9ECB3C1-AE62-4ACD-B931-0A6E27075CC8}.Debug|Any CPU.ActiveCfg = Debug|Any CPU
		{D9ECB3C1-AE62-4ACD-B931-0A6E27075CC8}.Debug|Any CPU.Build.0 = Debug|Any CPU
		{D9ECB3C1-AE62-4ACD-B931-0A6E27075CC8}.Debug|x64.ActiveCfg = Debug|Any CPU
		{D9ECB3C1-AE62-4ACD-B931-0A6E27075CC8}.Debug|x64.Build.0 = Debug|Any CPU
		{D9ECB3C1-AE62-4ACD-B931-0A6E27075CC8}.Debug|x86.ActiveCfg = Debug|Any CPU
		{D9ECB3C1-AE62-4ACD-B931-0A6E27075CC8}.Debug|x86.Build.0 = Debug|Any CPU
		{D9ECB3C1-AE62-4ACD-B931-0A6E27075CC8}.Release|Any CPU.ActiveCfg = Release|Any CPU
		{D9ECB3C1-AE62-4ACD-B931-0A6E27075CC8}.Release|Any CPU.Build.0 = Release|Any CPU
		{D9ECB3C1-AE62-4ACD-B931-0A6E27075CC8}.Release|x64.ActiveCfg = Release|Any CPU
		{D9ECB3C1-AE62-4ACD-B931-0A6E27075CC8}.Release|x64.Build.0 = Release|Any CPU
		{D9ECB3C1-AE62-4ACD-B931-0A6E27075CC8}.Release|x86.ActiveCfg = Release|Any CPU
		{D9ECB3C1-AE62-4ACD-B931-0A6E27075CC8}.Release|x86.Build.0 = Release|Any CPU
		{1D7F0E18-CCA2-434E-84F3-4A086E356821}.Debug|Any CPU.ActiveCfg = Debug|Any CPU
		{1D7F0E18-CCA2-434E-84F3-4A086E356821}.Debug|Any CPU.Build.0 = Debug|Any CPU
		{1D7F0E18-CCA2-434E-84F3-4A086E356821}.Debug|x64.ActiveCfg = Debug|Any CPU
		{1D7F0E18-CCA2-434E-84F3-4A086E356821}.Debug|x64.Build.0 = Debug|Any CPU
		{1D7F0E18-CCA2-434E-84F3-4A086E356821}.Debug|x86.ActiveCfg = Debug|Any CPU
		{1D7F0E18-CCA2-434E-84F3-4A086E356821}.Debug|x86.Build.0 = Debug|Any CPU
		{1D7F0E18-CCA2-434E-84F3-4A086E356821}.Release|Any CPU.ActiveCfg = Release|Any CPU
		{1D7F0E18-CCA2-434E-84F3-4A086E356821}.Release|Any CPU.Build.0 = Release|Any CPU
		{1D7F0E18-CCA2-434E-84F3-4A086E356821}.Release|x64.ActiveCfg = Release|Any CPU
		{1D7F0E18-CCA2-434E-84F3-4A086E356821}.Release|x64.Build.0 = Release|Any CPU
		{1D7F0E18-CCA2-434E-84F3-4A086E356821}.Release|x86.ActiveCfg = Release|Any CPU
		{1D7F0E18-CCA2-434E-84F3-4A086E356821}.Release|x86.Build.0 = Release|Any CPU
	EndGlobalSection
	GlobalSection(SolutionProperties) = preSolution
		HideSolutionNode = FALSE
	EndGlobalSection
	GlobalSection(NestedProjects) = preSolution
		{C0AACDC5-3BB2-465B-840F-1C606BAA1001} = {827E0CD3-B72D-47B6-A68D-7590B98EB39B}
		{38A11195-BA26-4125-925F-7A62D2FAEA1F} = {827E0CD3-B72D-47B6-A68D-7590B98EB39B}
		{8DFD380C-44B8-4118-8106-2A94AF813452} = {827E0CD3-B72D-47B6-A68D-7590B98EB39B}
		{5C839348-B218-4AFE-8CFB-D504CBF12A05} = {827E0CD3-B72D-47B6-A68D-7590B98EB39B}
		{D9B2B37D-BA69-4461-9018-70C3797603BA} = {827E0CD3-B72D-47B6-A68D-7590B98EB39B}
		{64227F4D-4CF5-49A7-BCEA-A5A62ED1DCBE} = {827E0CD3-B72D-47B6-A68D-7590B98EB39B}
		{CDDFA65F-7F97-4559-A12B-095B4DC19C19} = {827E0CD3-B72D-47B6-A68D-7590B98EB39B}
		{C58F2792-77BF-4673-BFA1-F99A310B5A1A} = {827E0CD3-B72D-47B6-A68D-7590B98EB39B}
		{D9ECB3C1-AE62-4ACD-B931-0A6E27075CC8} = {827E0CD3-B72D-47B6-A68D-7590B98EB39B}
		{1D7F0E18-CCA2-434E-84F3-4A086E356821} = {827E0CD3-B72D-47B6-A68D-7590B98EB39B}
	EndGlobalSection
EndGlobal
